
Microsoft Visual Studio Solution File, Format Version 12.00
# Visual Studio 2013
VisualStudioVersion = 12.0.31101.0
MinimumVisualStudioVersion = 10.0.40219.1
Project("{2150E333-8FDC-42A3-9474-1A3956D46DE8}") = "GitPocket", "GitPocket", "{C4810ED7-7EF1-4BEB-85A2-86F94F5A525A}"
EndProject
Project("{D954291E-2A0B-460D-934E-DC6B0785DB48}") = "GitPocket.Shared", "GitPocket\GitPocket.Shared\GitPocket.Shared.shproj", "{D46AD0A9-7CA5-4C88-8938-24DD2BD06E34}"
EndProject
Project("{FAE04EC0-301F-11D3-BF4B-00C04F79EFBC}") = "GitPocket.Windows", "GitPocket\GitPocket.Windows\GitPocket.Windows.csproj", "{3E1BCCAC-15A6-41F5-8BD3-DB7ED28C1BBF}"
EndProject
Project("{FAE04EC0-301F-11D3-BF4B-00C04F79EFBC}") = "GitPocket.WindowsPhone", "GitPocket\GitPocket.WindowsPhone\GitPocket.WindowsPhone.csproj", "{2644A15E-0AAE-441A-A571-D0277B61FB55}"
EndProject
Project("{FAE04EC0-301F-11D3-BF4B-00C04F79EFBC}") = "GitPocket.Business", "GitPocket.Business\GitPocket.Business.csproj", "{D59CD6CC-BB82-402A-88ED-5EC894C10620}"
EndProject
Project("{2150E333-8FDC-42A3-9474-1A3956D46DE8}") = "Test", "Test", "{D181E441-E7FF-49F3-96EA-1106F9BA738C}"
EndProject
Project("{FAE04EC0-301F-11D3-BF4B-00C04F79EFBC}") = "GitPocket.Business.Test", "GitPocket.Business.Test\GitPocket.Business.Test.csproj", "{36FA3F87-50BE-4A4C-AF58-47C89A0FE2DA}"
EndProject
Project("{FAE04EC0-301F-11D3-BF4B-00C04F79EFBC}") = "GitPocket.Test", "GitPocket.Test\GitPocket.Test.csproj", "{D31044CA-7ACB-4104-9999-68FDEF7EDB0B}"
EndProject
Global
	GlobalSection(SharedMSBuildProjectFiles) = preSolution
		GitPocket\GitPocket.Shared\GitPocket.Shared.projitems*{d46ad0a9-7ca5-4c88-8938-24dd2bd06e34}*SharedItemsImports = 13
		GitPocket\GitPocket.Shared\GitPocket.Shared.projitems*{3e1bccac-15a6-41f5-8bd3-db7ed28c1bbf}*SharedItemsImports = 4
		GitPocket\GitPocket.Shared\GitPocket.Shared.projitems*{2644a15e-0aae-441a-a571-d0277b61fb55}*SharedItemsImports = 4
	EndGlobalSection
	GlobalSection(SolutionConfigurationPlatforms) = preSolution
		Debug|Any CPU = Debug|Any CPU
		Debug|ARM = Debug|ARM
		Debug|x64 = Debug|x64
		Debug|x86 = Debug|x86
		Release|Any CPU = Release|Any CPU
		Release|ARM = Release|ARM
		Release|x64 = Release|x64
		Release|x86 = Release|x86
	EndGlobalSection
	GlobalSection(ProjectConfigurationPlatforms) = postSolution
		{3E1BCCAC-15A6-41F5-8BD3-DB7ED28C1BBF}.Debug|Any CPU.ActiveCfg = Debug|Any CPU
		{3E1BCCAC-15A6-41F5-8BD3-DB7ED28C1BBF}.Debug|Any CPU.Build.0 = Debug|Any CPU
		{3E1BCCAC-15A6-41F5-8BD3-DB7ED28C1BBF}.Debug|Any CPU.Deploy.0 = Debug|Any CPU
		{3E1BCCAC-15A6-41F5-8BD3-DB7ED28C1BBF}.Debug|ARM.ActiveCfg = Debug|ARM
		{3E1BCCAC-15A6-41F5-8BD3-DB7ED28C1BBF}.Debug|ARM.Build.0 = Debug|ARM
		{3E1BCCAC-15A6-41F5-8BD3-DB7ED28C1BBF}.Debug|ARM.Deploy.0 = Debug|ARM
		{3E1BCCAC-15A6-41F5-8BD3-DB7ED28C1BBF}.Debug|x64.ActiveCfg = Debug|x64
		{3E1BCCAC-15A6-41F5-8BD3-DB7ED28C1BBF}.Debug|x64.Build.0 = Debug|x64
		{3E1BCCAC-15A6-41F5-8BD3-DB7ED28C1BBF}.Debug|x64.Deploy.0 = Debug|x64
		{3E1BCCAC-15A6-41F5-8BD3-DB7ED28C1BBF}.Debug|x86.ActiveCfg = Debug|x86
		{3E1BCCAC-15A6-41F5-8BD3-DB7ED28C1BBF}.Debug|x86.Build.0 = Debug|x86
		{3E1BCCAC-15A6-41F5-8BD3-DB7ED28C1BBF}.Debug|x86.Deploy.0 = Debug|x86
		{3E1BCCAC-15A6-41F5-8BD3-DB7ED28C1BBF}.Release|Any CPU.ActiveCfg = Release|Any CPU
		{3E1BCCAC-15A6-41F5-8BD3-DB7ED28C1BBF}.Release|Any CPU.Build.0 = Release|Any CPU
		{3E1BCCAC-15A6-41F5-8BD3-DB7ED28C1BBF}.Release|Any CPU.Deploy.0 = Release|Any CPU
		{3E1BCCAC-15A6-41F5-8BD3-DB7ED28C1BBF}.Release|ARM.ActiveCfg = Release|ARM
		{3E1BCCAC-15A6-41F5-8BD3-DB7ED28C1BBF}.Release|ARM.Build.0 = Release|ARM
		{3E1BCCAC-15A6-41F5-8BD3-DB7ED28C1BBF}.Release|ARM.Deploy.0 = Release|ARM
		{3E1BCCAC-15A6-41F5-8BD3-DB7ED28C1BBF}.Release|x64.ActiveCfg = Release|x64
		{3E1BCCAC-15A6-41F5-8BD3-DB7ED28C1BBF}.Release|x64.Build.0 = Release|x64
		{3E1BCCAC-15A6-41F5-8BD3-DB7ED28C1BBF}.Release|x64.Deploy.0 = Release|x64
		{3E1BCCAC-15A6-41F5-8BD3-DB7ED28C1BBF}.Release|x86.ActiveCfg = Release|x86
		{3E1BCCAC-15A6-41F5-8BD3-DB7ED28C1BBF}.Release|x86.Build.0 = Release|x86
		{3E1BCCAC-15A6-41F5-8BD3-DB7ED28C1BBF}.Release|x86.Deploy.0 = Release|x86
		{2644A15E-0AAE-441A-A571-D0277B61FB55}.Debug|Any CPU.ActiveCfg = Debug|Any CPU
		{2644A15E-0AAE-441A-A571-D0277B61FB55}.Debug|Any CPU.Build.0 = Debug|Any CPU
		{2644A15E-0AAE-441A-A571-D0277B61FB55}.Debug|Any CPU.Deploy.0 = Debug|Any CPU
		{2644A15E-0AAE-441A-A571-D0277B61FB55}.Debug|ARM.ActiveCfg = Debug|ARM
		{2644A15E-0AAE-441A-A571-D0277B61FB55}.Debug|ARM.Build.0 = Debug|ARM
		{2644A15E-0AAE-441A-A571-D0277B61FB55}.Debug|ARM.Deploy.0 = Debug|ARM
		{2644A15E-0AAE-441A-A571-D0277B61FB55}.Debug|x64.ActiveCfg = Debug|Any CPU
		{2644A15E-0AAE-441A-A571-D0277B61FB55}.Debug|x86.ActiveCfg = Debug|x86
		{2644A15E-0AAE-441A-A571-D0277B61FB55}.Debug|x86.Build.0 = Debug|x86
		{2644A15E-0AAE-441A-A571-D0277B61FB55}.Debug|x86.Deploy.0 = Debug|x86
		{2644A15E-0AAE-441A-A571-D0277B61FB55}.Release|Any CPU.ActiveCfg = Release|Any CPU
		{2644A15E-0AAE-441A-A571-D0277B61FB55}.Release|Any CPU.Build.0 = Release|Any CPU
		{2644A15E-0AAE-441A-A571-D0277B61FB55}.Release|Any CPU.Deploy.0 = Release|Any CPU
		{2644A15E-0AAE-441A-A571-D0277B61FB55}.Release|ARM.ActiveCfg = Release|ARM
		{2644A15E-0AAE-441A-A571-D0277B61FB55}.Release|ARM.Build.0 = Release|ARM
		{2644A15E-0AAE-441A-A571-D0277B61FB55}.Release|ARM.Deploy.0 = Release|ARM
		{2644A15E-0AAE-441A-A571-D0277B61FB55}.Release|x64.ActiveCfg = Release|Any CPU
		{2644A15E-0AAE-441A-A571-D0277B61FB55}.Release|x86.ActiveCfg = Release|x86
		{2644A15E-0AAE-441A-A571-D0277B61FB55}.Release|x86.Build.0 = Release|x86
		{2644A15E-0AAE-441A-A571-D0277B61FB55}.Release|x86.Deploy.0 = Release|x86
		{D59CD6CC-BB82-402A-88ED-5EC894C10620}.Debug|Any CPU.ActiveCfg = Debug|Any CPU
		{D59CD6CC-BB82-402A-88ED-5EC894C10620}.Debug|Any CPU.Build.0 = Debug|Any CPU
		{D59CD6CC-BB82-402A-88ED-5EC894C10620}.Debug|ARM.ActiveCfg = Debug|Any CPU
		{D59CD6CC-BB82-402A-88ED-5EC894C10620}.Debug|x64.ActiveCfg = Debug|Any CPU
		{D59CD6CC-BB82-402A-88ED-5EC894C10620}.Debug|x86.ActiveCfg = Debug|Any CPU
		{D59CD6CC-BB82-402A-88ED-5EC894C10620}.Release|Any CPU.ActiveCfg = Release|Any CPU
		{D59CD6CC-BB82-402A-88ED-5EC894C10620}.Release|Any CPU.Build.0 = Release|Any CPU
		{D59CD6CC-BB82-402A-88ED-5EC894C10620}.Release|ARM.ActiveCfg = Release|Any CPU
		{D59CD6CC-BB82-402A-88ED-5EC894C10620}.Release|x64.ActiveCfg = Release|Any CPU
		{D59CD6CC-BB82-402A-88ED-5EC894C10620}.Release|x86.ActiveCfg = Release|Any CPU
		{36FA3F87-50BE-4A4C-AF58-47C89A0FE2DA}.Debug|Any CPU.ActiveCfg = Debug|Any CPU
		{36FA3F87-50BE-4A4C-AF58-47C89A0FE2DA}.Debug|Any CPU.Build.0 = Debug|Any CPU
		{36FA3F87-50BE-4A4C-AF58-47C89A0FE2DA}.Debug|Any CPU.Deploy.0 = Debug|Any CPU
		{36FA3F87-50BE-4A4C-AF58-47C89A0FE2DA}.Debug|ARM.ActiveCfg = Debug|ARM
		{36FA3F87-50BE-4A4C-AF58-47C89A0FE2DA}.Debug|ARM.Build.0 = Debug|ARM
		{36FA3F87-50BE-4A4C-AF58-47C89A0FE2DA}.Debug|ARM.Deploy.0 = Debug|ARM
		{36FA3F87-50BE-4A4C-AF58-47C89A0FE2DA}.Debug|x64.ActiveCfg = Debug|x64
		{36FA3F87-50BE-4A4C-AF58-47C89A0FE2DA}.Debug|x64.Build.0 = Debug|x64
		{36FA3F87-50BE-4A4C-AF58-47C89A0FE2DA}.Debug|x64.Deploy.0 = Debug|x64
		{36FA3F87-50BE-4A4C-AF58-47C89A0FE2DA}.Debug|x86.ActiveCfg = Debug|x86
		{36FA3F87-50BE-4A4C-AF58-47C89A0FE2DA}.Debug|x86.Build.0 = Debug|x86
		{36FA3F87-50BE-4A4C-AF58-47C89A0FE2DA}.Debug|x86.Deploy.0 = Debug|x86
		{36FA3F87-50BE-4A4C-AF58-47C89A0FE2DA}.Release|Any CPU.ActiveCfg = Release|Any CPU
		{36FA3F87-50BE-4A4C-AF58-47C89A0FE2DA}.Release|Any CPU.Build.0 = Release|Any CPU
		{36FA3F87-50BE-4A4C-AF58-47C89A0FE2DA}.Release|Any CPU.Deploy.0 = Release|Any CPU
		{36FA3F87-50BE-4A4C-AF58-47C89A0FE2DA}.Release|ARM.ActiveCfg = Release|ARM
		{36FA3F87-50BE-4A4C-AF58-47C89A0FE2DA}.Release|ARM.Build.0 = Release|ARM
		{36FA3F87-50BE-4A4C-AF58-47C89A0FE2DA}.Release|ARM.Deploy.0 = Release|ARM
		{36FA3F87-50BE-4A4C-AF58-47C89A0FE2DA}.Release|x64.ActiveCfg = Release|x64
		{36FA3F87-50BE-4A4C-AF58-47C89A0FE2DA}.Release|x64.Build.0 = Release|x64
		{36FA3F87-50BE-4A4C-AF58-47C89A0FE2DA}.Release|x64.Deploy.0 = Release|x64
		{36FA3F87-50BE-4A4C-AF58-47C89A0FE2DA}.Release|x86.ActiveCfg = Release|x86
		{36FA3F87-50BE-4A4C-AF58-47C89A0FE2DA}.Release|x86.Build.0 = Release|x86
		{36FA3F87-50BE-4A4C-AF58-47C89A0FE2DA}.Release|x86.Deploy.0 = Release|x86
		{D31044CA-7ACB-4104-9999-68FDEF7EDB0B}.Debug|Any CPU.ActiveCfg = Debug|Any CPU
		{D31044CA-7ACB-4104-9999-68FDEF7EDB0B}.Debug|Any CPU.Build.0 = Debug|Any CPU
		{D31044CA-7ACB-4104-9999-68FDEF7EDB0B}.Debug|Any CPU.Deploy.0 = Debug|Any CPU
		{D31044CA-7ACB-4104-9999-68FDEF7EDB0B}.Debug|ARM.ActiveCfg = Debug|ARM
		{D31044CA-7ACB-4104-9999-68FDEF7EDB0B}.Debug|ARM.Build.0 = Debug|ARM
		{D31044CA-7ACB-4104-9999-68FDEF7EDB0B}.Debug|ARM.Deploy.0 = Debug|ARM
		{D31044CA-7ACB-4104-9999-68FDEF7EDB0B}.Debug|x64.ActiveCfg = Debug|x64
		{D31044CA-7ACB-4104-9999-68FDEF7EDB0B}.Debug|x64.Build.0 = Debug|x64
		{D31044CA-7ACB-4104-9999-68FDEF7EDB0B}.Debug|x64.Deploy.0 = Debug|x64
		{D31044CA-7ACB-4104-9999-68FDEF7EDB0B}.Debug|x86.ActiveCfg = Debug|x86
		{D31044CA-7ACB-4104-9999-68FDEF7EDB0B}.Debug|x86.Build.0 = Debug|x86
		{D31044CA-7ACB-4104-9999-68FDEF7EDB0B}.Debug|x86.Deploy.0 = Debug|x86
		{D31044CA-7ACB-4104-9999-68FDEF7EDB0B}.Release|Any CPU.ActiveCfg = Release|Any CPU
		{D31044CA-7ACB-4104-9999-68FDEF7EDB0B}.Release|Any CPU.Build.0 = Release|Any CPU
		{D31044CA-7ACB-4104-9999-68FDEF7EDB0B}.Release|Any CPU.Deploy.0 = Release|Any CPU
		{D31044CA-7ACB-4104-9999-68FDEF7EDB0B}.Release|ARM.ActiveCfg = Release|ARM
		{D31044CA-7ACB-4104-9999-68FDEF7EDB0B}.Release|ARM.Build.0 = Release|ARM
		{D31044CA-7ACB-4104-9999-68FDEF7EDB0B}.Release|ARM.Deploy.0 = Release|ARM
		{D31044CA-7ACB-4104-9999-68FDEF7EDB0B}.Release|x64.ActiveCfg = Release|x64
		{D31044CA-7ACB-4104-9999-68FDEF7EDB0B}.Release|x64.Build.0 = Release|x64
		{D31044CA-7ACB-4104-9999-68FDEF7EDB0B}.Release|x64.Deploy.0 = Release|x64
		{D31044CA-7ACB-4104-9999-68FDEF7EDB0B}.Release|x86.ActiveCfg = Release|x86
		{D31044CA-7ACB-4104-9999-68FDEF7EDB0B}.Release|x86.Build.0 = Release|x86
		{D31044CA-7ACB-4104-9999-68FDEF7EDB0B}.Release|x86.Deploy.0 = Release|x86
	EndGlobalSection
	GlobalSection(SolutionProperties) = preSolution
		HideSolutionNode = FALSE
	EndGlobalSection
	GlobalSection(NestedProjects) = preSolution
		{D46AD0A9-7CA5-4C88-8938-24DD2BD06E34} = {C4810ED7-7EF1-4BEB-85A2-86F94F5A525A}
		{3E1BCCAC-15A6-41F5-8BD3-DB7ED28C1BBF} = {C4810ED7-7EF1-4BEB-85A2-86F94F5A525A}
		{2644A15E-0AAE-441A-A571-D0277B61FB55} = {C4810ED7-7EF1-4BEB-85A2-86F94F5A525A}
		{D59CD6CC-BB82-402A-88ED-5EC894C10620} = {C4810ED7-7EF1-4BEB-85A2-86F94F5A525A}
		{D181E441-E7FF-49F3-96EA-1106F9BA738C} = {C4810ED7-7EF1-4BEB-85A2-86F94F5A525A}
		{36FA3F87-50BE-4A4C-AF58-47C89A0FE2DA} = {D181E441-E7FF-49F3-96EA-1106F9BA738C}
		{D31044CA-7ACB-4104-9999-68FDEF7EDB0B} = {D181E441-E7FF-49F3-96EA-1106F9BA738C}
	EndGlobalSection
EndGlobal
